
Microsoft Visual Studio Solution File, Format Version 12.00
# Visual Studio Version 17
VisualStudioVersion = 17.14.36221.1 d17.14
MinimumVisualStudioVersion = 10.0.40219.1
Project("{FAE04EC0-301F-11D3-BF4B-00C04F79EFBC}") = "branch_practices_one", "branch_practices_one.csproj", "{7742F634-E1B1-4382-AD7C-5AC69D896866}"
EndProject
Global
	GlobalSection(SolutionConfigurationPlatforms) = preSolution
		Debug|Any CPU = Debug|Any CPU
		Release|Any CPU = Release|Any CPU
	EndGlobalSection
	GlobalSection(ProjectConfigurationPlatforms) = postSolution
		{7742F634-E1B1-4382-AD7C-5AC69D896866}.Debug|Any CPU.ActiveCfg = Debug|Any CPU
		{7742F634-E1B1-4382-AD7C-5AC69D896866}.Debug|Any CPU.Build.0 = Debug|Any CPU
		{7742F634-E1B1-4382-AD7C-5AC69D896866}.Release|Any CPU.ActiveCfg = Release|Any CPU
		{7742F634-E1B1-4382-AD7C-5AC69D896866}.Release|Any CPU.Build.0 = Release|Any CPU
	EndGlobalSection
	GlobalSection(SolutionProperties) = preSolution
		HideSolutionNode = FALSE
	EndGlobalSection
	GlobalSection(ExtensibilityGlobals) = postSolution
		SolutionGuid = {C275AC32-AFB3-4335-ABA5-B4EEEB2863BE}
	EndGlobalSection
EndGlobal
